// !$*UTF8*$!
{
	archiveVersion = 1;
	classes = {
	};
	objectVersion = 46;
	objects = {

/* Begin PBXBuildFile section */
		86314D2218B40C74006FA727 /* Place.m in Sources */ = {isa = PBXBuildFile; fileRef = 86314D2118B40C74006FA727 /* Place.m */; };
		86314D2518B40C90006FA727 /* PlaceDatabase.m in Sources */ = {isa = PBXBuildFile; fileRef = 86314D2418B40C90006FA727 /* PlaceDatabase.m */; };
		86314D2818B40E18006FA727 /* placeDatabase.sql in Resources */ = {isa = PBXBuildFile; fileRef = 86314D2718B40E18006FA727 /* placeDatabase.sql */; };
		DA212CE718B3EAB600C0DF8F /* Foundation.framework in Frameworks */ = {isa = PBXBuildFile; fileRef = DA212CE618B3EAB600C0DF8F /* Foundation.framework */; };
		DA212CE918B3EAB600C0DF8F /* CoreGraphics.framework in Frameworks */ = {isa = PBXBuildFile; fileRef = DA212CE818B3EAB600C0DF8F /* CoreGraphics.framework */; };
		DA212CEB18B3EAB600C0DF8F /* UIKit.framework in Frameworks */ = {isa = PBXBuildFile; fileRef = DA212CEA18B3EAB600C0DF8F /* UIKit.framework */; };
		DA212CF118B3EAB600C0DF8F /* InfoPlist.strings in Resources */ = {isa = PBXBuildFile; fileRef = DA212CEF18B3EAB600C0DF8F /* InfoPlist.strings */; };
		DA212CF318B3EAB600C0DF8F /* main.m in Sources */ = {isa = PBXBuildFile; fileRef = DA212CF218B3EAB600C0DF8F /* main.m */; };
		DA212CF718B3EAB600C0DF8F /* iNeedAppDelegate.m in Sources */ = {isa = PBXBuildFile; fileRef = DA212CF618B3EAB600C0DF8F /* iNeedAppDelegate.m */; };
		DA212CFA18B3EAB600C0DF8F /* Main.storyboard in Resources */ = {isa = PBXBuildFile; fileRef = DA212CF818B3EAB600C0DF8F /* Main.storyboard */; };
		DA212CFD18B3EAB600C0DF8F /* iNeedViewController.m in Sources */ = {isa = PBXBuildFile; fileRef = DA212CFC18B3EAB600C0DF8F /* iNeedViewController.m */; };
		DA212CFF18B3EAB600C0DF8F /* Images.xcassets in Resources */ = {isa = PBXBuildFile; fileRef = DA212CFE18B3EAB600C0DF8F /* Images.xcassets */; };
		DA212D0618B3EAB600C0DF8F /* XCTest.framework in Frameworks */ = {isa = PBXBuildFile; fileRef = DA212D0518B3EAB600C0DF8F /* XCTest.framework */; };
		DA212D0718B3EAB600C0DF8F /* Foundation.framework in Frameworks */ = {isa = PBXBuildFile; fileRef = DA212CE618B3EAB600C0DF8F /* Foundation.framework */; };
		DA212D0818B3EAB600C0DF8F /* UIKit.framework in Frameworks */ = {isa = PBXBuildFile; fileRef = DA212CEA18B3EAB600C0DF8F /* UIKit.framework */; };
		DA212D1018B3EAB600C0DF8F /* InfoPlist.strings in Resources */ = {isa = PBXBuildFile; fileRef = DA212D0E18B3EAB600C0DF8F /* InfoPlist.strings */; };
		DA212D1218B3EAB600C0DF8F /* iNeedTests.m in Sources */ = {isa = PBXBuildFile; fileRef = DA212D1118B3EAB600C0DF8F /* iNeedTests.m */; };
		DA212D6318B5AEAF00C0DF8F /* libsqlite3.dylib in Frameworks */ = {isa = PBXBuildFile; fileRef = DA212D6218B5AEAF00C0DF8F /* libsqlite3.dylib */; };
/* End PBXBuildFile section */

/* Begin PBXContainerItemProxy section */
		DA212D0918B3EAB600C0DF8F /* PBXContainerItemProxy */ = {
			isa = PBXContainerItemProxy;
			containerPortal = DA212CDB18B3EAB600C0DF8F /* Project object */;
			proxyType = 1;
			remoteGlobalIDString = DA212CE218B3EAB600C0DF8F;
			remoteInfo = iNeed;
		};
/* End PBXContainerItemProxy section */

/* Begin PBXFileReference section */
		86314D2018B40C74006FA727 /* Place.h */ = {isa = PBXFileReference; fileEncoding = 4; lastKnownFileType = sourcecode.c.h; name = Place.h; path = ../Place.h; sourceTree = "<group>"; };
		86314D2118B40C74006FA727 /* Place.m */ = {isa = PBXFileReference; fileEncoding = 4; lastKnownFileType = sourcecode.c.objc; name = Place.m; path = ../Place.m; sourceTree = "<group>"; };
		86314D2318B40C90006FA727 /* PlaceDatabase.h */ = {isa = PBXFileReference; fileEncoding = 4; lastKnownFileType = sourcecode.c.h; name = PlaceDatabase.h; path = ../PlaceDatabase.h; sourceTree = "<group>"; };
		86314D2418B40C90006FA727 /* PlaceDatabase.m */ = {isa = PBXFileReference; fileEncoding = 4; lastKnownFileType = sourcecode.c.objc; name = PlaceDatabase.m; path = ../PlaceDatabase.m; sourceTree = "<group>"; };
		86314D2718B40E18006FA727 /* placeDatabase.sql */ = {isa = PBXFileReference; fileEncoding = 4; lastKnownFileType = text; path = placeDatabase.sql; sourceTree = "<group>"; };
		DA212CE318B3EAB600C0DF8F /* iNeed.app */ = {isa = PBXFileReference; explicitFileType = wrapper.application; includeInIndex = 0; path = iNeed.app; sourceTree = BUILT_PRODUCTS_DIR; };
		DA212CE618B3EAB600C0DF8F /* Foundation.framework */ = {isa = PBXFileReference; lastKnownFileType = wrapper.framework; name = Foundation.framework; path = System/Library/Frameworks/Foundation.framework; sourceTree = SDKROOT; };
		DA212CE818B3EAB600C0DF8F /* CoreGraphics.framework */ = {isa = PBXFileReference; lastKnownFileType = wrapper.framework; name = CoreGraphics.framework; path = System/Library/Frameworks/CoreGraphics.framework; sourceTree = SDKROOT; };
		DA212CEA18B3EAB600C0DF8F /* UIKit.framework */ = {isa = PBXFileReference; lastKnownFileType = wrapper.framework; name = UIKit.framework; path = System/Library/Frameworks/UIKit.framework; sourceTree = SDKROOT; };
		DA212CEE18B3EAB600C0DF8F /* iNeed-Info.plist */ = {isa = PBXFileReference; lastKnownFileType = text.plist.xml; path = "iNeed-Info.plist"; sourceTree = "<group>"; };
		DA212CF018B3EAB600C0DF8F /* en */ = {isa = PBXFileReference; lastKnownFileType = text.plist.strings; name = en; path = en.lproj/InfoPlist.strings; sourceTree = "<group>"; };
		DA212CF218B3EAB600C0DF8F /* main.m */ = {isa = PBXFileReference; lastKnownFileType = sourcecode.c.objc; path = main.m; sourceTree = "<group>"; };
		DA212CF418B3EAB600C0DF8F /* iNeed-Prefix.pch */ = {isa = PBXFileReference; lastKnownFileType = sourcecode.c.h; path = "iNeed-Prefix.pch"; sourceTree = "<group>"; };
		DA212CF518B3EAB600C0DF8F /* iNeedAppDelegate.h */ = {isa = PBXFileReference; lastKnownFileType = sourcecode.c.h; path = iNeedAppDelegate.h; sourceTree = "<group>"; };
		DA212CF618B3EAB600C0DF8F /* iNeedAppDelegate.m */ = {isa = PBXFileReference; lastKnownFileType = sourcecode.c.objc; path = iNeedAppDelegate.m; sourceTree = "<group>"; };
		DA212CF918B3EAB600C0DF8F /* Base */ = {isa = PBXFileReference; lastKnownFileType = file.storyboard; name = Base; path = Base.lproj/Main.storyboard; sourceTree = "<group>"; };
		DA212CFB18B3EAB600C0DF8F /* iNeedViewController.h */ = {isa = PBXFileReference; lastKnownFileType = sourcecode.c.h; path = iNeedViewController.h; sourceTree = "<group>"; };
		DA212CFC18B3EAB600C0DF8F /* iNeedViewController.m */ = {isa = PBXFileReference; lastKnownFileType = sourcecode.c.objc; path = iNeedViewController.m; sourceTree = "<group>"; };
		DA212CFE18B3EAB600C0DF8F /* Images.xcassets */ = {isa = PBXFileReference; lastKnownFileType = folder.assetcatalog; path = Images.xcassets; sourceTree = "<group>"; };
		DA212D0418B3EAB600C0DF8F /* iNeedTests.xctest */ = {isa = PBXFileReference; explicitFileType = wrapper.cfbundle; includeInIndex = 0; path = iNeedTests.xctest; sourceTree = BUILT_PRODUCTS_DIR; };
		DA212D0518B3EAB600C0DF8F /* XCTest.framework */ = {isa = PBXFileReference; lastKnownFileType = wrapper.framework; name = XCTest.framework; path = Library/Frameworks/XCTest.framework; sourceTree = DEVELOPER_DIR; };
		DA212D0D18B3EAB600C0DF8F /* iNeedTests-Info.plist */ = {isa = PBXFileReference; lastKnownFileType = text.plist.xml; path = "iNeedTests-Info.plist"; sourceTree = "<group>"; };
		DA212D0F18B3EAB600C0DF8F /* en */ = {isa = PBXFileReference; lastKnownFileType = text.plist.strings; name = en; path = en.lproj/InfoPlist.strings; sourceTree = "<group>"; };
		DA212D1118B3EAB600C0DF8F /* iNeedTests.m */ = {isa = PBXFileReference; lastKnownFileType = sourcecode.c.objc; path = iNeedTests.m; sourceTree = "<group>"; };
		DA212D6218B5AEAF00C0DF8F /* libsqlite3.dylib */ = {isa = PBXFileReference; lastKnownFileType = "compiled.mach-o.dylib"; name = libsqlite3.dylib; path = usr/lib/libsqlite3.dylib; sourceTree = SDKROOT; };
/* End PBXFileReference section */

/* Begin PBXFrameworksBuildPhase section */
		DA212CE018B3EAB600C0DF8F /* Frameworks */ = {
			isa = PBXFrameworksBuildPhase;
			buildActionMask = 2147483647;
			files = (
				DA212D6318B5AEAF00C0DF8F /* libsqlite3.dylib in Frameworks */,
				DA212CE918B3EAB600C0DF8F /* CoreGraphics.framework in Frameworks */,
				DA212CEB18B3EAB600C0DF8F /* UIKit.framework in Frameworks */,
				DA212CE718B3EAB600C0DF8F /* Foundation.framework in Frameworks */,
			);
			runOnlyForDeploymentPostprocessing = 0;
		};
		DA212D0118B3EAB600C0DF8F /* Frameworks */ = {
			isa = PBXFrameworksBuildPhase;
			buildActionMask = 2147483647;
			files = (
				DA212D0618B3EAB600C0DF8F /* XCTest.framework in Frameworks */,
				DA212D0818B3EAB600C0DF8F /* UIKit.framework in Frameworks */,
				DA212D0718B3EAB600C0DF8F /* Foundation.framework in Frameworks */,
			);
			runOnlyForDeploymentPostprocessing = 0;
		};
/* End PBXFrameworksBuildPhase section */

/* Begin PBXGroup section */
		86314D2618B40CA4006FA727 /* Database */ = {
			isa = PBXGroup;
			children = (
				86314D2718B40E18006FA727 /* placeDatabase.sql */,
				86314D2318B40C90006FA727 /* PlaceDatabase.h */,
				86314D2418B40C90006FA727 /* PlaceDatabase.m */,
			);
			name = Database;
			sourceTree = "<group>";
		};
		DA212CDA18B3EAB600C0DF8F = {
			isa = PBXGroup;
			children = (
				DA212CEC18B3EAB600C0DF8F /* iNeed */,
				DA212D0B18B3EAB600C0DF8F /* iNeedTests */,
				DA212CE518B3EAB600C0DF8F /* Frameworks */,
				DA212CE418B3EAB600C0DF8F /* Products */,
			);
			sourceTree = "<group>";
		};
		DA212CE418B3EAB600C0DF8F /* Products */ = {
			isa = PBXGroup;
			children = (
				DA212CE318B3EAB600C0DF8F /* iNeed.app */,
				DA212D0418B3EAB600C0DF8F /* iNeedTests.xctest */,
			);
			name = Products;
			sourceTree = "<group>";
		};
		DA212CE518B3EAB600C0DF8F /* Frameworks */ = {
			isa = PBXGroup;
			children = (
				DA212D6218B5AEAF00C0DF8F /* libsqlite3.dylib */,
				DA212CE618B3EAB600C0DF8F /* Foundation.framework */,
				DA212CE818B3EAB600C0DF8F /* CoreGraphics.framework */,
				DA212CEA18B3EAB600C0DF8F /* UIKit.framework */,
				DA212D0518B3EAB600C0DF8F /* XCTest.framework */,
			);
			name = Frameworks;
			sourceTree = "<group>";
		};
		DA212CEC18B3EAB600C0DF8F /* iNeed */ = {
			isa = PBXGroup;
			children = (
				86314D2618B40CA4006FA727 /* Database */,
				86314D2018B40C74006FA727 /* Place.h */,
				86314D2118B40C74006FA727 /* Place.m */,
				DA212CF518B3EAB600C0DF8F /* iNeedAppDelegate.h */,
				DA212CF618B3EAB600C0DF8F /* iNeedAppDelegate.m */,
				DA212CF818B3EAB600C0DF8F /* Main.storyboard */,
				DA212CFB18B3EAB600C0DF8F /* iNeedViewController.h */,
				DA212CFC18B3EAB600C0DF8F /* iNeedViewController.m */,
				DA212CFE18B3EAB600C0DF8F /* Images.xcassets */,
				DA212CED18B3EAB600C0DF8F /* Supporting Files */,
			);
			path = iNeed;
			sourceTree = "<group>";
		};
		DA212CED18B3EAB600C0DF8F /* Supporting Files */ = {
			isa = PBXGroup;
			children = (
				DA212CEE18B3EAB600C0DF8F /* iNeed-Info.plist */,
				DA212CEF18B3EAB600C0DF8F /* InfoPlist.strings */,
				DA212CF218B3EAB600C0DF8F /* main.m */,
				DA212CF418B3EAB600C0DF8F /* iNeed-Prefix.pch */,
			);
			name = "Supporting Files";
			sourceTree = "<group>";
		};
		DA212D0B18B3EAB600C0DF8F /* iNeedTests */ = {
			isa = PBXGroup;
			children = (
				DA212D1118B3EAB600C0DF8F /* iNeedTests.m */,
				DA212D0C18B3EAB600C0DF8F /* Supporting Files */,
			);
			path = iNeedTests;
			sourceTree = "<group>";
		};
		DA212D0C18B3EAB600C0DF8F /* Supporting Files */ = {
			isa = PBXGroup;
			children = (
				DA212D0D18B3EAB600C0DF8F /* iNeedTests-Info.plist */,
				DA212D0E18B3EAB600C0DF8F /* InfoPlist.strings */,
			);
			name = "Supporting Files";
			sourceTree = "<group>";
		};
/* End PBXGroup section */

/* Begin PBXNativeTarget section */
		DA212CE218B3EAB600C0DF8F /* iNeed */ = {
			isa = PBXNativeTarget;
			buildConfigurationList = DA212D1518B3EAB600C0DF8F /* Build configuration list for PBXNativeTarget "iNeed" */;
			buildPhases = (
				DA212CDF18B3EAB600C0DF8F /* Sources */,
				DA212CE018B3EAB600C0DF8F /* Frameworks */,
				DA212CE118B3EAB600C0DF8F /* Resources */,
			);
			buildRules = (
			);
			dependencies = (
			);
			name = iNeed;
			productName = iNeed;
			productReference = DA212CE318B3EAB600C0DF8F /* iNeed.app */;
			productType = "com.apple.product-type.application";
		};
		DA212D0318B3EAB600C0DF8F /* iNeedTests */ = {
			isa = PBXNativeTarget;
			buildConfigurationList = DA212D1818B3EAB600C0DF8F /* Build configuration list for PBXNativeTarget "iNeedTests" */;
			buildPhases = (
				DA212D0018B3EAB600C0DF8F /* Sources */,
				DA212D0118B3EAB600C0DF8F /* Frameworks */,
				DA212D0218B3EAB600C0DF8F /* Resources */,
			);
			buildRules = (
			);
			dependencies = (
				DA212D0A18B3EAB600C0DF8F /* PBXTargetDependency */,
			);
			name = iNeedTests;
			productName = iNeedTests;
			productReference = DA212D0418B3EAB600C0DF8F /* iNeedTests.xctest */;
			productType = "com.apple.product-type.bundle.unit-test";
		};
/* End PBXNativeTarget section */

/* Begin PBXProject section */
		DA212CDB18B3EAB600C0DF8F /* Project object */ = {
			isa = PBXProject;
			attributes = {
				CLASSPREFIX = iNeed;
				LastUpgradeCheck = 0500;
				ORGANIZATIONNAME = 121;
				TargetAttributes = {
					DA212D0318B3EAB600C0DF8F = {
						TestTargetID = DA212CE218B3EAB600C0DF8F;
					};
				};
			};
			buildConfigurationList = DA212CDE18B3EAB600C0DF8F /* Build configuration list for PBXProject "iNeed" */;
			compatibilityVersion = "Xcode 3.2";
			developmentRegion = English;
			hasScannedForEncodings = 0;
			knownRegions = (
				en,
				Base,
			);
			mainGroup = DA212CDA18B3EAB600C0DF8F;
			productRefGroup = DA212CE418B3EAB600C0DF8F /* Products */;
			projectDirPath = "";
			projectRoot = "";
			targets = (
				DA212CE218B3EAB600C0DF8F /* iNeed */,
				DA212D0318B3EAB600C0DF8F /* iNeedTests */,
			);
		};
/* End PBXProject section */

/* Begin PBXResourcesBuildPhase section */
		DA212CE118B3EAB600C0DF8F /* Resources */ = {
			isa = PBXResourcesBuildPhase;
			buildActionMask = 2147483647;
			files = (
				DA212CFF18B3EAB600C0DF8F /* Images.xcassets in Resources */,
				86314D2818B40E18006FA727 /* placeDatabase.sql in Resources */,
				DA212CF118B3EAB600C0DF8F /* InfoPlist.strings in Resources */,
				DA212CFA18B3EAB600C0DF8F /* Main.storyboard in Resources */,
			);
			runOnlyForDeploymentPostprocessing = 0;
		};
		DA212D0218B3EAB600C0DF8F /* Resources */ = {
			isa = PBXResourcesBuildPhase;
			buildActionMask = 2147483647;
			files = (
				DA212D1018B3EAB600C0DF8F /* InfoPlist.strings in Resources */,
			);
			runOnlyForDeploymentPostprocessing = 0;
		};
/* End PBXResourcesBuildPhase section */

/* Begin PBXSourcesBuildPhase section */
		DA212CDF18B3EAB600C0DF8F /* Sources */ = {
			isa = PBXSourcesBuildPhase;
			buildActionMask = 2147483647;
			files = (
				DA212CF718B3EAB600C0DF8F /* iNeedAppDelegate.m in Sources */,
				86314D2518B40C90006FA727 /* PlaceDatabase.m in Sources */,
				DA212CF318B3EAB600C0DF8F /* main.m in Sources */,
				DA212CFD18B3EAB600C0DF8F /* iNeedViewController.m in Sources */,
				86314D2218B40C74006FA727 /* Place.m in Sources */,
			);
			runOnlyForDeploymentPostprocessing = 0;
		};
		DA212D0018B3EAB600C0DF8F /* Sources */ = {
			isa = PBXSourcesBuildPhase;
			buildActionMask = 2147483647;
			files = (
				DA212D1218B3EAB600C0DF8F /* iNeedTests.m in Sources */,
			);
			runOnlyForDeploymentPostprocessing = 0;
		};
/* End PBXSourcesBuildPhase section */

/* Begin PBXTargetDependency section */
		DA212D0A18B3EAB600C0DF8F /* PBXTargetDependency */ = {
			isa = PBXTargetDependency;
			target = DA212CE218B3EAB600C0DF8F /* iNeed */;
			targetProxy = DA212D0918B3EAB600C0DF8F /* PBXContainerItemProxy */;
		};
/* End PBXTargetDependency section */

/* Begin PBXVariantGroup section */
		DA212CEF18B3EAB600C0DF8F /* InfoPlist.strings */ = {
			isa = PBXVariantGroup;
			children = (
				DA212CF018B3EAB600C0DF8F /* en */,
			);
			name = InfoPlist.strings;
			sourceTree = "<group>";
		};
		DA212CF818B3EAB600C0DF8F /* Main.storyboard */ = {
			isa = PBXVariantGroup;
			children = (
				DA212CF918B3EAB600C0DF8F /* Base */,
			);
			name = Main.storyboard;
			sourceTree = "<group>";
		};
		DA212D0E18B3EAB600C0DF8F /* InfoPlist.strings */ = {
			isa = PBXVariantGroup;
			children = (
				DA212D0F18B3EAB600C0DF8F /* en */,
			);
			name = InfoPlist.strings;
			sourceTree = "<group>";
		};
/* End PBXVariantGroup section */

/* Begin XCBuildConfiguration section */
		DA212D1318B3EAB600C0DF8F /* Debug */ = {
			isa = XCBuildConfiguration;
			buildSettings = {
				ALWAYS_SEARCH_USER_PATHS = NO;
				ARCHS = "$(ARCHS_STANDARD_INCLUDING_64_BIT)";
				CLANG_CXX_LANGUAGE_STANDARD = "gnu++0x";
				CLANG_CXX_LIBRARY = "libc++";
				CLANG_ENABLE_MODULES = YES;
				CLANG_ENABLE_OBJC_ARC = YES;
				CLANG_WARN_BOOL_CONVERSION = YES;
				CLANG_WARN_CONSTANT_CONVERSION = YES;
				CLANG_WARN_DIRECT_OBJC_ISA_USAGE = YES_ERROR;
				CLANG_WARN_EMPTY_BODY = YES;
				CLANG_WARN_ENUM_CONVERSION = YES;
				CLANG_WARN_INT_CONVERSION = YES;
				CLANG_WARN_OBJC_ROOT_CLASS = YES_ERROR;
				CLANG_WARN__DUPLICATE_METHOD_MATCH = YES;
				"CODE_SIGN_IDENTITY[sdk=iphoneos*]" = "iPhone Developer";
				COPY_PHASE_STRIP = NO;
				GCC_C_LANGUAGE_STANDARD = gnu99;
				GCC_DYNAMIC_NO_PIC = NO;
				GCC_OPTIMIZATION_LEVEL = 0;
				GCC_PREPROCESSOR_DEFINITIONS = (
					"DEBUG=1",
					"$(inherited)",
				);
				GCC_SYMBOLS_PRIVATE_EXTERN = NO;
				GCC_WARN_64_TO_32_BIT_CONVERSION = YES;
				GCC_WARN_ABOUT_RETURN_TYPE = YES_ERROR;
				GCC_WARN_UNDECLARED_SELECTOR = YES;
				GCC_WARN_UNINITIALIZED_AUTOS = YES;
				GCC_WARN_UNUSED_FUNCTION = YES;
				GCC_WARN_UNUSED_VARIABLE = YES;
				IPHONEOS_DEPLOYMENT_TARGET = 7.0;
				ONLY_ACTIVE_ARCH = YES;
				SDKROOT = iphoneos;
			};
			name = Debug;
		};
		DA212D1418B3EAB600C0DF8F /* Release */ = {
			isa = XCBuildConfiguration;
			buildSettings = {
				ALWAYS_SEARCH_USER_PATHS = NO;
				ARCHS = "$(ARCHS_STANDARD_INCLUDING_64_BIT)";
				CLANG_CXX_LANGUAGE_STANDARD = "gnu++0x";
				CLANG_CXX_LIBRARY = "libc++";
				CLANG_ENABLE_MODULES = YES;
				CLANG_ENABLE_OBJC_ARC = YES;
				CLANG_WARN_BOOL_CONVERSION = YES;
				CLANG_WARN_CONSTANT_CONVERSION = YES;
				CLANG_WARN_DIRECT_OBJC_ISA_USAGE = YES_ERROR;
				CLANG_WARN_EMPTY_BODY = YES;
				CLANG_WARN_ENUM_CONVERSION = YES;
				CLANG_WARN_INT_CONVERSION = YES;
				CLANG_WARN_OBJC_ROOT_CLASS = YES_ERROR;
				CLANG_WARN__DUPLICATE_METHOD_MATCH = YES;
				"CODE_SIGN_IDENTITY[sdk=iphoneos*]" = "iPhone Developer";
				COPY_PHASE_STRIP = YES;
				ENABLE_NS_ASSERTIONS = NO;
				GCC_C_LANGUAGE_STANDARD = gnu99;
				GCC_WARN_64_TO_32_BIT_CONVERSION = YES;
				GCC_WARN_ABOUT_RETURN_TYPE = YES_ERROR;
				GCC_WARN_UNDECLARED_SELECTOR = YES;
				GCC_WARN_UNINITIALIZED_AUTOS = YES;
				GCC_WARN_UNUSED_FUNCTION = YES;
				GCC_WARN_UNUSED_VARIABLE = YES;
				IPHONEOS_DEPLOYMENT_TARGET = 7.0;
				SDKROOT = iphoneos;
				VALIDATE_PRODUCT = YES;
			};
			name = Release;
		};
		DA212D1618B3EAB600C0DF8F /* Debug */ = {
			isa = XCBuildConfiguration;
			buildSettings = {
				ASSETCATALOG_COMPILER_APPICON_NAME = AppIcon;
				ASSETCATALOG_COMPILER_LAUNCHIMAGE_NAME = LaunchImage;
				GCC_PRECOMPILE_PREFIX_HEADER = YES;
				GCC_PREFIX_HEADER = "iNeed/iNeed-Prefix.pch";
				INFOPLIST_FILE = "iNeed/iNeed-Info.plist";
				PRODUCT_NAME = "$(TARGET_NAME)";
				WRAPPER_EXTENSION = app;
			};
			name = Debug;
		};
		DA212D1718B3EAB600C0DF8F /* Release */ = {
			isa = XCBuildConfiguration;
			buildSettings = {
				ASSETCATALOG_COMPILER_APPICON_NAME = AppIcon;
				ASSETCATALOG_COMPILER_LAUNCHIMAGE_NAME = LaunchImage;
				GCC_PRECOMPILE_PREFIX_HEADER = YES;
				GCC_PREFIX_HEADER = "iNeed/iNeed-Prefix.pch";
				INFOPLIST_FILE = "iNeed/iNeed-Info.plist";
				PRODUCT_NAME = "$(TARGET_NAME)";
				WRAPPER_EXTENSION = app;
			};
			name = Release;
		};
		DA212D1918B3EAB600C0DF8F /* Debug */ = {
			isa = XCBuildConfiguration;
			buildSettings = {
				ARCHS = "$(ARCHS_STANDARD_INCLUDING_64_BIT)";
				BUNDLE_LOADER = "$(BUILT_PRODUCTS_DIR)/iNeed.app/iNeed";
				FRAMEWORK_SEARCH_PATHS = (
					"$(SDKROOT)/Developer/Library/Frameworks",
					"$(inherited)",
					"$(DEVELOPER_FRAMEWORKS_DIR)",
				);
				GCC_PRECOMPILE_PREFIX_HEADER = YES;
				GCC_PREFIX_HEADER = "iNeed/iNeed-Prefix.pch";
				GCC_PREPROCESSOR_DEFINITIONS = (
					"DEBUG=1",
					"$(inherited)",
				);
				INFOPLIST_FILE = "iNeedTests/iNeedTests-Info.plist";
				PRODUCT_NAME = "$(TARGET_NAME)";
				TEST_HOST = "$(BUNDLE_LOADER)";
				WRAPPER_EXTENSION = xctest;
			};
			name = Debug;
		};
		DA212D1A18B3EAB600C0DF8F /* Release */ = {
			isa = XCBuildConfiguration;
			buildSettings = {
				ARCHS = "$(ARCHS_STANDARD_INCLUDING_64_BIT)";
				BUNDLE_LOADER = "$(BUILT_PRODUCTS_DIR)/iNeed.app/iNeed";
				FRAMEWORK_SEARCH_PATHS = (
					"$(SDKROOT)/Developer/Library/Frameworks",
					"$(inherited)",
					"$(DEVELOPER_FRAMEWORKS_DIR)",
				);
				GCC_PRECOMPILE_PREFIX_HEADER = YES;
				GCC_PREFIX_HEADER = "iNeed/iNeed-Prefix.pch";
				INFOPLIST_FILE = "iNeedTests/iNeedTests-Info.plist";
				PRODUCT_NAME = "$(TARGET_NAME)";
				TEST_HOST = "$(BUNDLE_LOADER)";
				WRAPPER_EXTENSION = xctest;
			};
			name = Release;
		};
/* End XCBuildConfiguration section */

/* Begin XCConfigurationList section */
		DA212CDE18B3EAB600C0DF8F /* Build configuration list for PBXProject "iNeed" */ = {
			isa = XCConfigurationList;
			buildConfigurations = (
				DA212D1318B3EAB600C0DF8F /* Debug */,
				DA212D1418B3EAB600C0DF8F /* Release */,
			);
			defaultConfigurationIsVisible = 0;
			defaultConfigurationName = Release;
		};
		DA212D1518B3EAB600C0DF8F /* Build configuration list for PBXNativeTarget "iNeed" */ = {
			isa = XCConfigurationList;
			buildConfigurations = (
				DA212D1618B3EAB600C0DF8F /* Debug */,
				DA212D1718B3EAB600C0DF8F /* Release */,
			);
			defaultConfigurationIsVisible = 0;
			defaultConfigurationName = Release;
		};
		DA212D1818B3EAB600C0DF8F /* Build configuration list for PBXNativeTarget "iNeedTests" */ = {
			isa = XCConfigurationList;
			buildConfigurations = (
				DA212D1918B3EAB600C0DF8F /* Debug */,
				DA212D1A18B3EAB600C0DF8F /* Release */,
			);
			defaultConfigurationIsVisible = 0;
			defaultConfigurationName = Release;
		};
/* End XCConfigurationList section */
	};
	rootObject = DA212CDB18B3EAB600C0DF8F /* Project object */;
}
